Microsoft Visual Studio Solution File, Format Version 12.00
# Visual Studio Version 17
VisualStudioVersion = 17.6.33723.286
MinimumVisualStudioVersion = 10.0.40219.1
Project("{9A19103F-16F7-4668-BE54-9A1E7A4F7556}") = "UdderlyEvelyn.ConsistentDeepDrillStone", "UdderlyEvelyn.ConsistentDeepDrillStone\UdderlyEvelyn.ConsistentDeepDrillStone.csproj", "{09A834F4-877E-4126-B25D-D3F73C9781D9}"
EndProject
Global
	GlobalSection(SolutionConfigurationPlatforms) = preSolution
		Debug|Any CPU = Debug|Any CPU
		Release|Any CPU = Release|Any CPU
	EndGlobalSection
	GlobalSection(ProjectConfigurationPlatforms) = postSolution
		{09A834F4-877E-4126-B25D-D3F73C9781D9}.Debug|Any CPU.ActiveCfg = Debug|Any CPU
		{09A834F4-877E-4126-B25D-D3F73C9781D9}.Debug|Any CPU.Build.0 = Debug|Any CPU
		{09A834F4-877E-4126-B25D-D3F73C9781D9}.Release|Any CPU.ActiveCfg = Release|Any CPU
		{09A834F4-877E-4126-B25D-D3F73C9781D9}.Release|Any CPU.Build.0 = Release|Any CPU
	EndGlobalSection
	GlobalSection(SolutionProperties) = preSolution
		HideSolutionNode = FALSE
	EndGlobalSection
	GlobalSection(ExtensibilityGlobals) = postSolution
		SolutionGuid = {cff781f8-11e5-4739-aa0d-60eb9406856e}
	EndGlobalSection
EndGlobal
